{"1.1.0",
[{<<"dgram_logger">>,
  {git,"https://github.com/grisp/dgram_logger.git",
       {ref,"dcb98515191fa3e9383039bf3fd1971e16b3af64"}},
  0},
 {<<"epmd">>,
  {git,"https://github.com/erlang/epmd",
       {ref,"4d1a595b9d5c32fc0e55f462da381de62de23bf0"}},
  0},
 {<<"grisp">>,{pkg,<<"grisp">>,<<"1.1.6">>},0},
 {<<"mapz">>,{pkg,<<"mapz">>,<<"0.3.0">>},1}]}.
[
{pkg_hash,[
 {<<"grisp">>, <<"C0C752CA87407DF1E248EC534076FA268220204D89B27E50E0B31CEB3525C2E2">>},
 {<<"mapz">>, <<"438D24746CE5A252101E00B2032EFDF7FC69EB32689D3B805DE5E6DD7F52614F">>}]}
].
